
Microsoft Visual Studio Solution File, Format Version 11.00
# Visual Studio 2010
Project("{8BC9CEB8-8B4A-11D0-8D11-00A0C91BC942}") = "X360PluginManager", "X360PluginManager.vcxproj", "{E45E12DB-5F26-46CF-A07F-38F816EB2FAC}"
EndProject
Project("{8BC9CEB8-8B4A-11D0-8D11-00A0C91BC942}") = "XexUtils", "deps\XexUtils\XexUtils.vcxproj", "{C598D106-4F6D-4505-95DE-AA896A0AC7FA}"
EndProject
Project("{8BC9CEB8-8B4A-11D0-8D11-00A0C91BC942}") = "AtgFramework", "deps\AtgFramework\AtgFramework.vcxproj", "{91D208A6-9936-47FD-9659-67205C3EB0AB}"
EndProject
Project("{8BC9CEB8-8B4A-11D0-8D11-00A0C91BC942}") = "mINI", "deps\mINI\mINI.vcxproj", "{32E6ACFE-ECD5-41E4-AFEF-675D74786E96}"
EndProject
Global
	GlobalSection(SolutionConfigurationPlatforms) = preSolution
		Debug|Xbox 360 = Debug|Xbox 360
		Release|Xbox 360 = Release|Xbox 360
	EndGlobalSection
	GlobalSection(ProjectConfigurationPlatforms) = postSolution
		{E45E12DB-5F26-46CF-A07F-38F816EB2FAC}.Debug|Xbox 360.ActiveCfg = Debug|Xbox 360
		{E45E12DB-5F26-46CF-A07F-38F816EB2FAC}.Debug|Xbox 360.Build.0 = Debug|Xbox 360
		{E45E12DB-5F26-46CF-A07F-38F816EB2FAC}.Debug|Xbox 360.Deploy.0 = Debug|Xbox 360
		{E45E12DB-5F26-46CF-A07F-38F816EB2FAC}.Release|Xbox 360.ActiveCfg = Release|Xbox 360
		{E45E12DB-5F26-46CF-A07F-38F816EB2FAC}.Release|Xbox 360.Build.0 = Release|Xbox 360
		{E45E12DB-5F26-46CF-A07F-38F816EB2FAC}.Release|Xbox 360.Deploy.0 = Release|Xbox 360
		{C598D106-4F6D-4505-95DE-AA896A0AC7FA}.Debug|Xbox 360.ActiveCfg = Debug|Xbox 360
		{C598D106-4F6D-4505-95DE-AA896A0AC7FA}.Debug|Xbox 360.Build.0 = Debug|Xbox 360
		{C598D106-4F6D-4505-95DE-AA896A0AC7FA}.Debug|Xbox 360.Deploy.0 = Debug|Xbox 360
		{C598D106-4F6D-4505-95DE-AA896A0AC7FA}.Release|Xbox 360.ActiveCfg = Release|Xbox 360
		{C598D106-4F6D-4505-95DE-AA896A0AC7FA}.Release|Xbox 360.Build.0 = Release|Xbox 360
		{C598D106-4F6D-4505-95DE-AA896A0AC7FA}.Release|Xbox 360.Deploy.0 = Release|Xbox 360
		{91D208A6-9936-47FD-9659-67205C3EB0AB}.Debug|Xbox 360.ActiveCfg = Debug|Xbox 360
		{91D208A6-9936-47FD-9659-67205C3EB0AB}.Debug|Xbox 360.Build.0 = Debug|Xbox 360
		{91D208A6-9936-47FD-9659-67205C3EB0AB}.Debug|Xbox 360.Deploy.0 = Debug|Xbox 360
		{91D208A6-9936-47FD-9659-67205C3EB0AB}.Release|Xbox 360.ActiveCfg = Release|Xbox 360
		{91D208A6-9936-47FD-9659-67205C3EB0AB}.Release|Xbox 360.Build.0 = Release|Xbox 360
		{91D208A6-9936-47FD-9659-67205C3EB0AB}.Release|Xbox 360.Deploy.0 = Release|Xbox 360
		{32E6ACFE-ECD5-41E4-AFEF-675D74786E96}.Debug|Xbox 360.ActiveCfg = Debug|Xbox 360
		{32E6ACFE-ECD5-41E4-AFEF-675D74786E96}.Debug|Xbox 360.Build.0 = Debug|Xbox 360
		{32E6ACFE-ECD5-41E4-AFEF-675D74786E96}.Debug|Xbox 360.Deploy.0 = Debug|Xbox 360
		{32E6ACFE-ECD5-41E4-AFEF-675D74786E96}.Release|Xbox 360.ActiveCfg = Release|Xbox 360
		{32E6ACFE-ECD5-41E4-AFEF-675D74786E96}.Release|Xbox 360.Build.0 = Release|Xbox 360
		{32E6ACFE-ECD5-41E4-AFEF-675D74786E96}.Release|Xbox 360.Deploy.0 = Release|Xbox 360
	EndGlobalSection
	GlobalSection(SolutionProperties) = preSolution
		HideSolutionNode = FALSE
	EndGlobalSection
EndGlobal
